// !$*UTF8*$!
{
	archiveVersion = 1;
	classes = {
	};
	objectVersion = 46;
	objects = {

/* Begin PBXBuildFile section */
		1CD33E884D9E3358252E82A1 /* ofxToggle.cpp in Sources */ = {isa = PBXBuildFile; fileRef = 907C5B5E104864A2D3A25745 /* ofxToggle.cpp */; };
		483908258D00B98B4BE69F07 /* ofxLabel.cpp in Sources */ = {isa = PBXBuildFile; fileRef = 78D67A00EB899FAC09430597 /* ofxLabel.cpp */; };
		5CBB2AB3A60F65431D7B555D /* ofxButton.cpp in Sources */ = {isa = PBXBuildFile; fileRef = C88333E71C9457E441C33474 /* ofxButton.cpp */; };
		837220E80EB56CD44AD27F2A /* ofxSlider.cpp in Sources */ = {isa = PBXBuildFile; fileRef = 15F2C6477A769C03A56D1401 /* ofxSlider.cpp */; };
		856AA354D08AB4B323081444 /* ofxBaseGui.cpp in Sources */ = {isa = PBXBuildFile; fileRef = 9604B925D32EE39065747725 /* ofxBaseGui.cpp */; };
		B266578FC55D23BFEBC042E7 /* ofxGuiGroup.cpp in Sources */ = {isa = PBXBuildFile; fileRef = ECF8674C7975F1063C5E30CA /* ofxGuiGroup.cpp */; };
		B56FE57CC35806596D38118C /* ofxSliderGroup.cpp in Sources */ = {isa = PBXBuildFile; fileRef = 802251BAF1B35B1D67B32FD0 /* ofxSliderGroup.cpp */; };
		E41EAC301D4D1A3B005CBBA3 /* ofxOscBundle.cpp in Sources */ = {isa = PBXBuildFile; fileRef = E41EAC091D4D1A3B005CBBA3 /* ofxOscBundle.cpp */; };
		E41EAC311D4D1A3B005CBBA3 /* ofxOscMessage.cpp in Sources */ = {isa = PBXBuildFile; fileRef = E41EAC0B1D4D1A3B005CBBA3 /* ofxOscMessage.cpp */; };
		E41EAC321D4D1A3B005CBBA3 /* ofxOscParameterSync.cpp in Sources */ = {isa = PBXBuildFile; fileRef = E41EAC0D1D4D1A3B005CBBA3 /* ofxOscParameterSync.cpp */; };
		E41EAC331D4D1A3B005CBBA3 /* ofxOscReceiver.cpp in Sources */ = {isa = PBXBuildFile; fileRef = E41EAC0F1D4D1A3B005CBBA3 /* ofxOscReceiver.cpp */; };
		E41EAC341D4D1A3B005CBBA3 /* ofxOscSender.cpp in Sources */ = {isa = PBXBuildFile; fileRef = E41EAC111D4D1A3B005CBBA3 /* ofxOscSender.cpp */; };
		E41EAC351D4D1A3B005CBBA3 /* IpEndpointName.cpp in Sources */ = {isa = PBXBuildFile; fileRef = E41EAC171D4D1A3B005CBBA3 /* IpEndpointName.cpp */; };
		E41EAC361D4D1A3B005CBBA3 /* NetworkingUtils.cpp in Sources */ = {isa = PBXBuildFile; fileRef = E41EAC1C1D4D1A3B005CBBA3 /* NetworkingUtils.cpp */; };
		E41EAC371D4D1A3B005CBBA3 /* UdpSocket.cpp in Sources */ = {isa = PBXBuildFile; fileRef = E41EAC1D1D4D1A3B005CBBA3 /* UdpSocket.cpp */; };
		E41EAC381D4D1A3B005CBBA3 /* OscOutboundPacketStream.cpp in Sources */ = {isa = PBXBuildFile; fileRef = E41EAC271D4D1A3B005CBBA3 /* OscOutboundPacketStream.cpp */; };
		E41EAC391D4D1A3B005CBBA3 /* OscPrintReceivedElements.cpp in Sources */ = {isa = PBXBuildFile; fileRef = E41EAC2A1D4D1A3B005CBBA3 /* OscPrintReceivedElements.cpp */; };
		E41EAC3A1D4D1A3B005CBBA3 /* OscReceivedElements.cpp in Sources */ = {isa = PBXBuildFile; fileRef = E41EAC2C1D4D1A3B005CBBA3 /* OscReceivedElements.cpp */; };
		E41EAC3B1D4D1A3B005CBBA3 /* OscTypes.cpp in Sources */ = {isa = PBXBuildFile; fileRef = E41EAC2E1D4D1A3B005CBBA3 /* OscTypes.cpp */; };
		E42176F51D3F2446001E7DDE /* Trons.cpp in Sources */ = {isa = PBXBuildFile; fileRef = E42176F31D3F2446001E7DDE /* Trons.cpp */; };
		E429991D1D3DDBB400BBCD40 /* WobblingCircles.cpp in Sources */ = {isa = PBXBuildFile; fileRef = E429991B1D3DDBB400BBCD40 /* WobblingCircles.cpp */; };
		E4328149138ABC9F0047C5CB /* openFrameworksDebug.a in Frameworks */ = {isa = PBXBuildFile; fileRef = E4328148138ABC890047C5CB /* openFrameworksDebug.a */; };
		E455E2891D3C1D8B000C0227 /* WobblingCircle.cpp in Sources */ = {isa = PBXBuildFile; fileRef = E455E2811D3C1D8B000C0227 /* WobblingCircle.cpp */; };
		E455E28A1D3C1D8B000C0227 /* Tron.cpp in Sources */ = {isa = PBXBuildFile; fileRef = E455E2821D3C1D8B000C0227 /* Tron.cpp */; };
		E455E28B1D3C1D8B000C0227 /* GuiApp.cpp in Sources */ = {isa = PBXBuildFile; fileRef = E455E2831D3C1D8B000C0227 /* GuiApp.cpp */; };
		E455E28C1D3C1D8B000C0227 /* Settings.cpp in Sources */ = {isa = PBXBuildFile; fileRef = E455E2851D3C1D8B000C0227 /* Settings.cpp */; };
		E455E2901D3C538C000C0227 /* Grid.cpp in Sources */ = {isa = PBXBuildFile; fileRef = E455E28E1D3C538C000C0227 /* Grid.cpp */; };
		E49CAF231D4D774D0065A057 /* PdSampler.cpp in Sources */ = {isa = PBXBuildFile; fileRef = E49CAF211D4D774D0065A057 /* PdSampler.cpp */; };
		E49E27331D401C0100E85987 /* ofxJSONElement.cpp in Sources */ = {isa = PBXBuildFile; fileRef = E49E27291D401C0100E85987 /* ofxJSONElement.cpp */; };
		E49E27341D401C0100E85987 /* jsoncpp.cpp in Sources */ = {isa = PBXBuildFile; fileRef = E49E27321D401C0100E85987 /* jsoncpp.cpp */; };
		E4B69E200A3A1BDC003C02F2 /* main.cpp in Sources */ = {isa = PBXBuildFile; fileRef = E4B69E1D0A3A1BDC003C02F2 /* main.cpp */; };
		E4B69E210A3A1BDC003C02F2 /* ofApp.cpp in Sources */ = {isa = PBXBuildFile; fileRef = E4B69E1E0A3A1BDC003C02F2 /* ofApp.cpp */; };
		F285EB3169F1566CA3D93C20 /* ofxPanel.cpp in Sources */ = {isa = PBXBuildFile; fileRef = E112B3AEBEA2C091BF2B40AE /* ofxPanel.cpp */; };
/* End PBXBuildFile section */

/* Begin PBXContainerItemProxy section */
		E4328147138ABC890047C5CB /* PBXContainerItemProxy */ = {
			isa = PBXContainerItemProxy;
			containerPortal = E4328143138ABC890047C5CB /* openFrameworksLib.xcodeproj */;
			proxyType = 2;
			remoteGlobalIDString = E4B27C1510CBEB8E00536013;
			remoteInfo = openFrameworks;
		};
		E4EEB9AB138B136A00A80321 /* PBXContainerItemProxy */ = {
			isa = PBXContainerItemProxy;
			containerPortal = E4328143138ABC890047C5CB /* openFrameworksLib.xcodeproj */;
			proxyType = 1;
			remoteGlobalIDString = E4B27C1410CBEB8E00536013;
			remoteInfo = openFrameworks;
		};
/* End PBXContainerItemProxy section */

/* Begin PBXCopyFilesBuildPhase section */
		E4C2427710CC5ABF004149E2 /* CopyFiles */ = {
			isa = PBXCopyFilesBuildPhase;
			buildActionMask = 2147483647;
			dstPath = "";
			dstSubfolderSpec = 10;
			files = (
			);
			runOnlyForDeploymentPostprocessing = 0;
		};
/* End PBXCopyFilesBuildPhase section */

/* Begin PBXFileReference section */
		0A1DAC09F322AE313A40706D /* ofxToggle.h */ = {isa = PBXFileReference; explicitFileType = sourcecode.c.h; fileEncoding = 30; name = ofxToggle.h; path = ../../../addons/ofxGui/src/ofxToggle.h; sourceTree = SOURCE_ROOT; };
		15F2C6477A769C03A56D1401 /* ofxSlider.cpp */ = {isa = PBXFileReference; explicitFileType = sourcecode.cpp.cpp; fileEncoding = 30; name = ofxSlider.cpp; path = ../../../addons/ofxGui/src/ofxSlider.cpp; sourceTree = SOURCE_ROOT; };
		17E65988300FBD9AAA2CD0CA /* ofxGui.h */ = {isa = PBXFileReference; explicitFileType = sourcecode.c.h; fileEncoding = 30; name = ofxGui.h; path = ../../../addons/ofxGui/src/ofxGui.h; sourceTree = SOURCE_ROOT; };
		1C0DA2561397A7DE0246858B /* ofxGuiGroup.h */ = {isa = PBXFileReference; explicitFileType = sourcecode.c.h; fileEncoding = 30; name = ofxGuiGroup.h; path = ../../../addons/ofxGui/src/ofxGuiGroup.h; sourceTree = SOURCE_ROOT; };
		2834D88A62CD23F3DE2C47D1 /* ofxButton.h */ = {isa = PBXFileReference; explicitFileType = sourcecode.c.h; fileEncoding = 30; name = ofxButton.h; path = ../../../addons/ofxGui/src/ofxButton.h; sourceTree = SOURCE_ROOT; };
		52AFA1F08C420992CAAAE648 /* ofxSlider.h */ = {isa = PBXFileReference; explicitFileType = sourcecode.c.h; fileEncoding = 30; name = ofxSlider.h; path = ../../../addons/ofxGui/src/ofxSlider.h; sourceTree = SOURCE_ROOT; };
		78D67A00EB899FAC09430597 /* ofxLabel.cpp */ = {isa = PBXFileReference; explicitFileType = sourcecode.cpp.cpp; fileEncoding = 30; name = ofxLabel.cpp; path = ../../../addons/ofxGui/src/ofxLabel.cpp; sourceTree = SOURCE_ROOT; };
		802251BAF1B35B1D67B32FD0 /* ofxSliderGroup.cpp */ = {isa = PBXFileReference; explicitFileType = sourcecode.cpp.cpp; fileEncoding = 30; name = ofxSliderGroup.cpp; path = ../../../addons/ofxGui/src/ofxSliderGroup.cpp; sourceTree = SOURCE_ROOT; };
		87F26B4B24CBD428AD9EEBAA /* ofxBaseGui.h */ = {isa = PBXFileReference; explicitFileType = sourcecode.c.h; fileEncoding = 30; name = ofxBaseGui.h; path = ../../../addons/ofxGui/src/ofxBaseGui.h; sourceTree = SOURCE_ROOT; };
		89449E3044D456F7DE7BEA14 /* ofxPanel.h */ = {isa = PBXFileReference; explicitFileType = sourcecode.c.h; fileEncoding = 30; name = ofxPanel.h; path = ../../../addons/ofxGui/src/ofxPanel.h; sourceTree = SOURCE_ROOT; };
		907C5B5E104864A2D3A25745 /* ofxToggle.cpp */ = {isa = PBXFileReference; explicitFileType = sourcecode.cpp.cpp; fileEncoding = 30; name = ofxToggle.cpp; path = ../../../addons/ofxGui/src/ofxToggle.cpp; sourceTree = SOURCE_ROOT; };
		9604B925D32EE39065747725 /* ofxBaseGui.cpp */ = {isa = PBXFileReference; explicitFileType = sourcecode.cpp.cpp; fileEncoding = 30; name = ofxBaseGui.cpp; path = ../../../addons/ofxGui/src/ofxBaseGui.cpp; sourceTree = SOURCE_ROOT; };
		B87C60311EC1FE841C1ECD89 /* ofxLabel.h */ = {isa = PBXFileReference; explicitFileType = sourcecode.c.h; fileEncoding = 30; name = ofxLabel.h; path = ../../../addons/ofxGui/src/ofxLabel.h; sourceTree = SOURCE_ROOT; };
		C70D8946940288799E82131E /* ofxSliderGroup.h */ = {isa = PBXFileReference; explicitFileType = sourcecode.c.h; fileEncoding = 30; name = ofxSliderGroup.h; path = ../../../addons/ofxGui/src/ofxSliderGroup.h; sourceTree = SOURCE_ROOT; };
		C88333E71C9457E441C33474 /* ofxButton.cpp */ = {isa = PBXFileReference; explicitFileType = sourcecode.cpp.cpp; fileEncoding = 30; name = ofxButton.cpp; path = ../../../addons/ofxGui/src/ofxButton.cpp; sourceTree = SOURCE_ROOT; };
		E112B3AEBEA2C091BF2B40AE /* ofxPanel.cpp */ = {isa = PBXFileReference; explicitFileType = sourcecode.cpp.cpp; fileEncoding = 30; name = ofxPanel.cpp; path = ../../../addons/ofxGui/src/ofxPanel.cpp; sourceTree = SOURCE_ROOT; };
		E41EAC071D4D1A3B005CBBA3 /* ofxOsc.h */ = {isa = PBXFileReference; lastKnownFileType = sourcecode.c.h; path = ofxOsc.h; sourceTree = "<group>"; };
		E41EAC081D4D1A3B005CBBA3 /* ofxOscArg.h */ = {isa = PBXFileReference; lastKnownFileType = sourcecode.c.h; path = ofxOscArg.h; sourceTree = "<group>"; };
		E41EAC091D4D1A3B005CBBA3 /* ofxOscBundle.cpp */ = {isa = PBXFileReference; lastKnownFileType = sourcecode.cpp.cpp; path = ofxOscBundle.cpp; sourceTree = "<group>"; };
		E41EAC0A1D4D1A3B005CBBA3 /* ofxOscBundle.h */ = {isa = PBXFileReference; lastKnownFileType = sourcecode.c.h; path = ofxOscBundle.h; sourceTree = "<group>"; };
		E41EAC0B1D4D1A3B005CBBA3 /* ofxOscMessage.cpp */ = {isa = PBXFileReference; lastKnownFileType = sourcecode.cpp.cpp; path = ofxOscMessage.cpp; sourceTree = "<group>"; };
		E41EAC0C1D4D1A3B005CBBA3 /* ofxOscMessage.h */ = {isa = PBXFileReference; lastKnownFileType = sourcecode.c.h; path = ofxOscMessage.h; sourceTree = "<group>"; };
		E41EAC0D1D4D1A3B005CBBA3 /* ofxOscParameterSync.cpp */ = {isa = PBXFileReference; lastKnownFileType = sourcecode.cpp.cpp; path = ofxOscParameterSync.cpp; sourceTree = "<group>"; };
		E41EAC0E1D4D1A3B005CBBA3 /* ofxOscParameterSync.h */ = {isa = PBXFileReference; lastKnownFileType = sourcecode.c.h; path = ofxOscParameterSync.h; sourceTree = "<group>"; };
		E41EAC0F1D4D1A3B005CBBA3 /* ofxOscReceiver.cpp */ = {isa = PBXFileReference; lastKnownFileType = sourcecode.cpp.cpp; path = ofxOscReceiver.cpp; sourceTree = "<group>"; };
		E41EAC101D4D1A3B005CBBA3 /* ofxOscReceiver.h */ = {isa = PBXFileReference; lastKnownFileType = sourcecode.c.h; path = ofxOscReceiver.h; sourceTree = "<group>"; };
		E41EAC111D4D1A3B005CBBA3 /* ofxOscSender.cpp */ = {isa = PBXFileReference; lastKnownFileType = sourcecode.cpp.cpp; path = ofxOscSender.cpp; sourceTree = "<group>"; };
		E41EAC121D4D1A3B005CBBA3 /* ofxOscSender.h */ = {isa = PBXFileReference; lastKnownFileType = sourcecode.c.h; path = ofxOscSender.h; sourceTree = "<group>"; };
		E41EAC171D4D1A3B005CBBA3 /* IpEndpointName.cpp */ = {isa = PBXFileReference; lastKnownFileType = sourcecode.cpp.cpp; path = IpEndpointName.cpp; sourceTree = "<group>"; };
		E41EAC181D4D1A3B005CBBA3 /* IpEndpointName.h */ = {isa = PBXFileReference; lastKnownFileType = sourcecode.c.h; path = IpEndpointName.h; sourceTree = "<group>"; };
		E41EAC191D4D1A3B005CBBA3 /* NetworkingUtils.h */ = {isa = PBXFileReference; lastKnownFileType = sourcecode.c.h; path = NetworkingUtils.h; sourceTree = "<group>"; };
		E41EAC1A1D4D1A3B005CBBA3 /* PacketListener.h */ = {isa = PBXFileReference; lastKnownFileType = sourcecode.c.h; path = PacketListener.h; sourceTree = "<group>"; };
		E41EAC1C1D4D1A3B005CBBA3 /* NetworkingUtils.cpp */ = {isa = PBXFileReference; lastKnownFileType = sourcecode.cpp.cpp; path = NetworkingUtils.cpp; sourceTree = "<group>"; };
		E41EAC1D1D4D1A3B005CBBA3 /* UdpSocket.cpp */ = {isa = PBXFileReference; lastKnownFileType = sourcecode.cpp.cpp; path = UdpSocket.cpp; sourceTree = "<group>"; };
		E41EAC1E1D4D1A3B005CBBA3 /* TimerListener.h */ = {isa = PBXFileReference; lastKnownFileType = sourcecode.c.h; path = TimerListener.h; sourceTree = "<group>"; };
		E41EAC1F1D4D1A3B005CBBA3 /* UdpSocket.h */ = {isa = PBXFileReference; lastKnownFileType = sourcecode.c.h; path = UdpSocket.h; sourceTree = "<group>"; };
		E41EAC241D4D1A3B005CBBA3 /* MessageMappingOscPacketListener.h */ = {isa = PBXFileReference; lastKnownFileType = sourcecode.c.h; path = MessageMappingOscPacketListener.h; sourceTree = "<group>"; };
		E41EAC251D4D1A3B005CBBA3 /* OscException.h */ = {isa = PBXFileReference; lastKnownFileType = sourcecode.c.h; path = OscException.h; sourceTree = "<group>"; };
		E41EAC261D4D1A3B005CBBA3 /* OscHostEndianness.h */ = {isa = PBXFileReference; lastKnownFileType = sourcecode.c.h; path = OscHostEndianness.h; sourceTree = "<group>"; };
		E41EAC271D4D1A3B005CBBA3 /* OscOutboundPacketStream.cpp */ = {isa = PBXFileReference; lastKnownFileType = sourcecode.cpp.cpp; path = OscOutboundPacketStream.cpp; sourceTree = "<group>"; };
		E41EAC281D4D1A3B005CBBA3 /* OscOutboundPacketStream.h */ = {isa = PBXFileReference; lastKnownFileType = sourcecode.c.h; path = OscOutboundPacketStream.h; sourceTree = "<group>"; };
		E41EAC291D4D1A3B005CBBA3 /* OscPacketListener.h */ = {isa = PBXFileReference; lastKnownFileType = sourcecode.c.h; path = OscPacketListener.h; sourceTree = "<group>"; };
		E41EAC2A1D4D1A3B005CBBA3 /* OscPrintReceivedElements.cpp */ = {isa = PBXFileReference; lastKnownFileType = sourcecode.cpp.cpp; path = OscPrintReceivedElements.cpp; sourceTree = "<group>"; };
		E41EAC2B1D4D1A3B005CBBA3 /* OscPrintReceivedElements.h */ = {isa = PBXFileReference; lastKnownFileType = sourcecode.c.h; path = OscPrintReceivedElements.h; sourceTree = "<group>"; };
		E41EAC2C1D4D1A3B005CBBA3 /* OscReceivedElements.cpp */ = {isa = PBXFileReference; lastKnownFileType = sourcecode.cpp.cpp; path = OscReceivedElements.cpp; sourceTree = "<group>"; };
		E41EAC2D1D4D1A3B005CBBA3 /* OscReceivedElements.h */ = {isa = PBXFileReference; lastKnownFileType = sourcecode.c.h; path = OscReceivedElements.h; sourceTree = "<group>"; };
		E41EAC2E1D4D1A3B005CBBA3 /* OscTypes.cpp */ = {isa = PBXFileReference; lastKnownFileType = sourcecode.cpp.cpp; path = OscTypes.cpp; sourceTree = "<group>"; };
		E41EAC2F1D4D1A3B005CBBA3 /* OscTypes.h */ = {isa = PBXFileReference; lastKnownFileType = sourcecode.c.h; path = OscTypes.h; sourceTree = "<group>"; };
		E42176F31D3F2446001E7DDE /* Trons.cpp */ = {isa = PBXFileReference; fileEncoding = 4; lastKnownFileType = sourcecode.cpp.cpp; path = Trons.cpp; sourceTree = "<group>"; };
		E42176F41D3F2446001E7DDE /* Trons.hpp */ = {isa = PBXFileReference; fileEncoding = 4; lastKnownFileType = sourcecode.cpp.h; path = Trons.hpp; sourceTree = "<group>"; };
		E429991B1D3DDBB400BBCD40 /* WobblingCircles.cpp */ = {isa = PBXFileReference; fileEncoding = 4; lastKnownFileType = sourcecode.cpp.cpp; path = WobblingCircles.cpp; sourceTree = "<group>"; };
		E429991C1D3DDBB400BBCD40 /* WobblingCircles.hpp */ = {isa = PBXFileReference; fileEncoding = 4; lastKnownFileType = sourcecode.cpp.h; path = WobblingCircles.hpp; sourceTree = "<group>"; };
		E4328143138ABC890047C5CB /* openFrameworksLib.xcodeproj */ = {isa = PBXFileReference; lastKnownFileType = "wrapper.pb-project"; name = openFrameworksLib.xcodeproj; path = ../../../libs/openFrameworksCompiled/project/osx/openFrameworksLib.xcodeproj; sourceTree = SOURCE_ROOT; };
		E455E2811D3C1D8B000C0227 /* WobblingCircle.cpp */ = {isa = PBXFileReference; fileEncoding = 4; lastKnownFileType = sourcecode.cpp.cpp; path = WobblingCircle.cpp; sourceTree = "<group>"; };
		E455E2821D3C1D8B000C0227 /* Tron.cpp */ = {isa = PBXFileReference; fileEncoding = 4; lastKnownFileType = sourcecode.cpp.cpp; path = Tron.cpp; sourceTree = "<group>"; };
		E455E2831D3C1D8B000C0227 /* GuiApp.cpp */ = {isa = PBXFileReference; fileEncoding = 4; lastKnownFileType = sourcecode.cpp.cpp; path = GuiApp.cpp; sourceTree = "<group>"; };
		E455E2841D3C1D8B000C0227 /* WobblingCircle.hpp */ = {isa = PBXFileReference; fileEncoding = 4; lastKnownFileType = sourcecode.cpp.h; path = WobblingCircle.hpp; sourceTree = "<group>"; };
		E455E2851D3C1D8B000C0227 /* Settings.cpp */ = {isa = PBXFileReference; fileEncoding = 4; lastKnownFileType = sourcecode.cpp.cpp; path = Settings.cpp; sourceTree = "<group>"; };
		E455E2861D3C1D8B000C0227 /* GuiApp.h */ = {isa = PBXFileReference; fileEncoding = 4; lastKnownFileType = sourcecode.c.h; path = GuiApp.h; sourceTree = "<group>"; };
		E455E2871D3C1D8B000C0227 /* Tron.hpp */ = {isa = PBXFileReference; fileEncoding = 4; lastKnownFileType = sourcecode.cpp.h; path = Tron.hpp; sourceTree = "<group>"; };
		E455E2881D3C1D8B000C0227 /* Settings.hpp */ = {isa = PBXFileReference; fileEncoding = 4; lastKnownFileType = sourcecode.cpp.h; path = Settings.hpp; sourceTree = "<group>"; };
		E455E28E1D3C538C000C0227 /* Grid.cpp */ = {isa = PBXFileReference; fileEncoding = 4; lastKnownFileType = sourcecode.cpp.cpp; path = Grid.cpp; sourceTree = "<group>"; };
		E455E28F1D3C538C000C0227 /* Grid.hpp */ = {isa = PBXFileReference; fileEncoding = 4; lastKnownFileType = sourcecode.cpp.h; path = Grid.hpp; sourceTree = "<group>"; };
		E49CAF211D4D774D0065A057 /* PdSampler.cpp */ = {isa = PBXFileReference; fileEncoding = 4; lastKnownFileType = sourcecode.cpp.cpp; path = PdSampler.cpp; sourceTree = "<group>"; };
		E49CAF221D4D774D0065A057 /* PdSampler.h */ = {isa = PBXFileReference; fileEncoding = 4; lastKnownFileType = sourcecode.c.h; path = PdSampler.h; sourceTree = "<group>"; };
		E49E27281D401C0100E85987 /* ofxJSON.h */ = {isa = PBXFileReference; lastKnownFileType = sourcecode.c.h; path = ofxJSON.h; sourceTree = "<group>"; };
		E49E27291D401C0100E85987 /* ofxJSONElement.cpp */ = {isa = PBXFileReference; lastKnownFileType = sourcecode.cpp.cpp; path = ofxJSONElement.cpp; sourceTree = "<group>"; };
		E49E272A1D401C0100E85987 /* ofxJSONElement.h */ = {isa = PBXFileReference; lastKnownFileType = sourcecode.c.h; path = ofxJSONElement.h; sourceTree = "<group>"; };
		E49E272F1D401C0100E85987 /* json-forwards.h */ = {isa = PBXFileReference; lastKnownFileType = sourcecode.c.h; path = "json-forwards.h"; sourceTree = "<group>"; };
		E49E27301D401C0100E85987 /* json.h */ = {isa = PBXFileReference; lastKnownFileType = sourcecode.c.h; path = json.h; sourceTree = "<group>"; };
		E49E27321D401C0100E85987 /* jsoncpp.cpp */ = {isa = PBXFileReference; lastKnownFileType = sourcecode.cpp.cpp; path = jsoncpp.cpp; sourceTree = "<group>"; };
		E4B69B5B0A3A1756003C02F2 /* bikeRideDebug.app */ = {isa = PBXFileReference; explicitFileType = wrapper.application; includeInIndex = 0; path = bikeRideDebug.app; sourceTree = BUILT_PRODUCTS_DIR; };
		E4B69E1D0A3A1BDC003C02F2 /* main.cpp */ = {isa = PBXFileReference; fileEncoding = 30; lastKnownFileType = sourcecode.cpp.cpp; name = main.cpp; path = src/main.cpp; sourceTree = SOURCE_ROOT; };
		E4B69E1E0A3A1BDC003C02F2 /* ofApp.cpp */ = {isa = PBXFileReference; explicitFileType = sourcecode.cpp.cpp; fileEncoding = 30; name = ofApp.cpp; path = src/ofApp.cpp; sourceTree = SOURCE_ROOT; };
		E4B69E1F0A3A1BDC003C02F2 /* ofApp.h */ = {isa = PBXFileReference; fileEncoding = 30; lastKnownFileType = sourcecode.c.h; name = ofApp.h; path = src/ofApp.h; sourceTree = SOURCE_ROOT; };
		E4B6FCAD0C3E899E008CF71C /* openFrameworks-Info.plist */ = {isa = PBXFileReference; fileEncoding = 30; lastKnownFileType = text.plist.xml; path = "openFrameworks-Info.plist"; sourceTree = "<group>"; };
		E4EB691F138AFCF100A09F29 /* CoreOF.xcconfig */ = {isa = PBXFileReference; fileEncoding = 4; lastKnownFileType = text.xcconfig; name = CoreOF.xcconfig; path = ../../../libs/openFrameworksCompiled/project/osx/CoreOF.xcconfig; sourceTree = SOURCE_ROOT; };
		E4EB6923138AFD0F00A09F29 /* Project.xcconfig */ = {isa = PBXFileReference; fileEncoding = 4; lastKnownFileType = text.xcconfig; path = Project.xcconfig; sourceTree = "<group>"; };
		ECF8674C7975F1063C5E30CA /* ofxGuiGroup.cpp */ = {isa = PBXFileReference; explicitFileType = sourcecode.cpp.cpp; fileEncoding = 30; name = ofxGuiGroup.cpp; path = ../../../addons/ofxGui/src/ofxGuiGroup.cpp; sourceTree = SOURCE_ROOT; };
/* End PBXFileReference section */

/* Begin PBXFrameworksBuildPhase section */
		E4B69B590A3A1756003C02F2 /* Frameworks */ = {
			isa = PBXFrameworksBuildPhase;
			buildActionMask = 2147483647;
			files = (
				E4328149138ABC9F0047C5CB /* openFrameworksDebug.a in Frameworks */,
			);
			runOnlyForDeploymentPostprocessing = 0;
		};
/* End PBXFrameworksBuildPhase section */

/* Begin PBXGroup section */
		480A780D8D0308AE4A368801 /* ofxGui */ = {
			isa = PBXGroup;
			children = (
				A763ED608B35AE3310251DEE /* src */,
			);
			name = ofxGui;
			sourceTree = "<group>";
		};
		6948EE371B920CB800B5AC1A /* local_addons */ = {
			isa = PBXGroup;
			children = (
			);
			name = local_addons;
			sourceTree = "<group>";
		};
		A763ED608B35AE3310251DEE /* src */ = {
			isa = PBXGroup;
			children = (
				9604B925D32EE39065747725 /* ofxBaseGui.cpp */,
				87F26B4B24CBD428AD9EEBAA /* ofxBaseGui.h */,
				C88333E71C9457E441C33474 /* ofxButton.cpp */,
				2834D88A62CD23F3DE2C47D1 /* ofxButton.h */,
				17E65988300FBD9AAA2CD0CA /* ofxGui.h */,
				ECF8674C7975F1063C5E30CA /* ofxGuiGroup.cpp */,
				1C0DA2561397A7DE0246858B /* ofxGuiGroup.h */,
				78D67A00EB899FAC09430597 /* ofxLabel.cpp */,
				B87C60311EC1FE841C1ECD89 /* ofxLabel.h */,
				E112B3AEBEA2C091BF2B40AE /* ofxPanel.cpp */,
				89449E3044D456F7DE7BEA14 /* ofxPanel.h */,
				15F2C6477A769C03A56D1401 /* ofxSlider.cpp */,
				52AFA1F08C420992CAAAE648 /* ofxSlider.h */,
				802251BAF1B35B1D67B32FD0 /* ofxSliderGroup.cpp */,
				C70D8946940288799E82131E /* ofxSliderGroup.h */,
				907C5B5E104864A2D3A25745 /* ofxToggle.cpp */,
				0A1DAC09F322AE313A40706D /* ofxToggle.h */,
			);
			name = src;
			sourceTree = "<group>";
		};
		BB4B014C10F69532006C3DED /* addons */ = {
			isa = PBXGroup;
			children = (
				480A780D8D0308AE4A368801 /* ofxGui */,
				E49E27261D401C0100E85987 /* ofxJSON-master */,
				E41EAC051D4D1A3B005CBBA3 /* ofxOsc */,
			);
			name = addons;
			sourceTree = "<group>";
		};
		E41EAC051D4D1A3B005CBBA3 /* ofxOsc */ = {
			isa = PBXGroup;
			children = (
				E41EAC061D4D1A3B005CBBA3 /* src */,
				E41EAC131D4D1A3B005CBBA3 /* libs */,
			);
			name = ofxOsc;
			sourceTree = "<group>";
		};
		E41EAC061D4D1A3B005CBBA3 /* src */ = {
			isa = PBXGroup;
			children = (
				E41EAC071D4D1A3B005CBBA3 /* ofxOsc.h */,
				E41EAC081D4D1A3B005CBBA3 /* ofxOscArg.h */,
				E41EAC091D4D1A3B005CBBA3 /* ofxOscBundle.cpp */,
				E41EAC0A1D4D1A3B005CBBA3 /* ofxOscBundle.h */,
				E41EAC0B1D4D1A3B005CBBA3 /* ofxOscMessage.cpp */,
				E41EAC0C1D4D1A3B005CBBA3 /* ofxOscMessage.h */,
				E41EAC0D1D4D1A3B005CBBA3 /* ofxOscParameterSync.cpp */,
				E41EAC0E1D4D1A3B005CBBA3 /* ofxOscParameterSync.h */,
				E41EAC0F1D4D1A3B005CBBA3 /* ofxOscReceiver.cpp */,
				E41EAC101D4D1A3B005CBBA3 /* ofxOscReceiver.h */,
				E41EAC111D4D1A3B005CBBA3 /* ofxOscSender.cpp */,
				E41EAC121D4D1A3B005CBBA3 /* ofxOscSender.h */,
			);
			name = src;
			path = ../../../addons/ofxOsc/src;
			sourceTree = "<group>";
		};
		E41EAC131D4D1A3B005CBBA3 /* libs */ = {
			isa = PBXGroup;
			children = (
				E41EAC141D4D1A3B005CBBA3 /* oscpack */,
			);
			name = libs;
			path = ../../../addons/ofxOsc/libs;
			sourceTree = "<group>";
		};
		E41EAC141D4D1A3B005CBBA3 /* oscpack */ = {
			isa = PBXGroup;
			children = (
				E41EAC151D4D1A3B005CBBA3 /* src */,
			);
			path = oscpack;
			sourceTree = "<group>";
		};
		E41EAC151D4D1A3B005CBBA3 /* src */ = {
			isa = PBXGroup;
			children = (
				E41EAC161D4D1A3B005CBBA3 /* ip */,
				E41EAC231D4D1A3B005CBBA3 /* osc */,
			);
			path = src;
			sourceTree = "<group>";
		};
		E41EAC161D4D1A3B005CBBA3 /* ip */ = {
			isa = PBXGroup;
			children = (
				E41EAC171D4D1A3B005CBBA3 /* IpEndpointName.cpp */,
				E41EAC181D4D1A3B005CBBA3 /* IpEndpointName.h */,
				E41EAC191D4D1A3B005CBBA3 /* NetworkingUtils.h */,
				E41EAC1A1D4D1A3B005CBBA3 /* PacketListener.h */,
				E41EAC1B1D4D1A3B005CBBA3 /* posix */,
				E41EAC1E1D4D1A3B005CBBA3 /* TimerListener.h */,
				E41EAC1F1D4D1A3B005CBBA3 /* UdpSocket.h */,
			);
			path = ip;
			sourceTree = "<group>";
		};
		E41EAC1B1D4D1A3B005CBBA3 /* posix */ = {
			isa = PBXGroup;
			children = (
				E41EAC1C1D4D1A3B005CBBA3 /* NetworkingUtils.cpp */,
				E41EAC1D1D4D1A3B005CBBA3 /* UdpSocket.cpp */,
			);
			path = posix;
			sourceTree = "<group>";
		};
		E41EAC231D4D1A3B005CBBA3 /* osc */ = {
			isa = PBXGroup;
			children = (
				E41EAC241D4D1A3B005CBBA3 /* MessageMappingOscPacketListener.h */,
				E41EAC251D4D1A3B005CBBA3 /* OscException.h */,
				E41EAC261D4D1A3B005CBBA3 /* OscHostEndianness.h */,
				E41EAC271D4D1A3B005CBBA3 /* OscOutboundPacketStream.cpp */,
				E41EAC281D4D1A3B005CBBA3 /* OscOutboundPacketStream.h */,
				E41EAC291D4D1A3B005CBBA3 /* OscPacketListener.h */,
				E41EAC2A1D4D1A3B005CBBA3 /* OscPrintReceivedElements.cpp */,
				E41EAC2B1D4D1A3B005CBBA3 /* OscPrintReceivedElements.h */,
				E41EAC2C1D4D1A3B005CBBA3 /* OscReceivedElements.cpp */,
				E41EAC2D1D4D1A3B005CBBA3 /* OscReceivedElements.h */,
				E41EAC2E1D4D1A3B005CBBA3 /* OscTypes.cpp */,
				E41EAC2F1D4D1A3B005CBBA3 /* OscTypes.h */,
			);
			path = osc;
			sourceTree = "<group>";
		};
		E4328144138ABC890047C5CB /* Products */ = {
			isa = PBXGroup;
			children = (
				E4328148138ABC890047C5CB /* openFrameworksDebug.a */,
			);
			name = Products;
			sourceTree = "<group>";
		};
		E49E27261D401C0100E85987 /* ofxJSON-master */ = {
			isa = PBXGroup;
			children = (
				E49E27271D401C0100E85987 /* src */,
				E49E272B1D401C0100E85987 /* libs */,
			);
			name = "ofxJSON-master";
			sourceTree = "<group>";
		};
		E49E27271D401C0100E85987 /* src */ = {
			isa = PBXGroup;
			children = (
				E49E27281D401C0100E85987 /* ofxJSON.h */,
				E49E27291D401C0100E85987 /* ofxJSONElement.cpp */,
				E49E272A1D401C0100E85987 /* ofxJSONElement.h */,
			);
			name = src;
			path = "../../../addons/ofxJSON-master/src";
			sourceTree = "<group>";
		};
		E49E272B1D401C0100E85987 /* libs */ = {
			isa = PBXGroup;
			children = (
				E49E272C1D401C0100E85987 /* jsoncpp */,
			);
			name = libs;
			path = "../../../addons/ofxJSON-master/libs";
			sourceTree = "<group>";
		};
		E49E272C1D401C0100E85987 /* jsoncpp */ = {
			isa = PBXGroup;
			children = (
				E49E272D1D401C0100E85987 /* include */,
				E49E27311D401C0100E85987 /* src */,
			);
			path = jsoncpp;
			sourceTree = "<group>";
		};
		E49E272D1D401C0100E85987 /* include */ = {
			isa = PBXGroup;
			children = (
				E49E272E1D401C0100E85987 /* json */,
			);
			path = include;
			sourceTree = "<group>";
		};
		E49E272E1D401C0100E85987 /* json */ = {
			isa = PBXGroup;
			children = (
				E49E272F1D401C0100E85987 /* json-forwards.h */,
				E49E27301D401C0100E85987 /* json.h */,
			);
			path = json;
			sourceTree = "<group>";
		};
		E49E27311D401C0100E85987 /* src */ = {
			isa = PBXGroup;
			children = (
				E49E27321D401C0100E85987 /* jsoncpp.cpp */,
			);
			path = src;
			sourceTree = "<group>";
		};
		E4B69B4A0A3A1720003C02F2 = {
			isa = PBXGroup;
			children = (
				E4B6FCAD0C3E899E008CF71C /* openFrameworks-Info.plist */,
				E4EB6923138AFD0F00A09F29 /* Project.xcconfig */,
				E4B69E1C0A3A1BDC003C02F2 /* src */,
				E4EEC9E9138DF44700A80321 /* openFrameworks */,
				BB4B014C10F69532006C3DED /* addons */,
				6948EE371B920CB800B5AC1A /* local_addons */,
				E4B69B5B0A3A1756003C02F2 /* bikeRideDebug.app */,
			);
			sourceTree = "<group>";
		};
		E4B69E1C0A3A1BDC003C02F2 /* src */ = {
			isa = PBXGroup;
			children = (
				E49CAF211D4D774D0065A057 /* PdSampler.cpp */,
				E49CAF221D4D774D0065A057 /* PdSampler.h */,
				E4B69E1D0A3A1BDC003C02F2 /* main.cpp */,
				E4B69E1E0A3A1BDC003C02F2 /* ofApp.cpp */,
				E4B69E1F0A3A1BDC003C02F2 /* ofApp.h */,
				E455E2831D3C1D8B000C0227 /* GuiApp.cpp */,
				E455E2861D3C1D8B000C0227 /* GuiApp.h */,
				E455E2851D3C1D8B000C0227 /* Settings.cpp */,
				E455E2881D3C1D8B000C0227 /* Settings.hpp */,
				E455E28E1D3C538C000C0227 /* Grid.cpp */,
				E455E28F1D3C538C000C0227 /* Grid.hpp */,
				E455E2821D3C1D8B000C0227 /* Tron.cpp */,
				E455E2871D3C1D8B000C0227 /* Tron.hpp */,
				E455E2811D3C1D8B000C0227 /* WobblingCircle.cpp */,
				E455E2841D3C1D8B000C0227 /* WobblingCircle.hpp */,
				E429991B1D3DDBB400BBCD40 /* WobblingCircles.cpp */,
				E429991C1D3DDBB400BBCD40 /* WobblingCircles.hpp */,
				E42176F31D3F2446001E7DDE /* Trons.cpp */,
				E42176F41D3F2446001E7DDE /* Trons.hpp */,
			);
			path = src;
			sourceTree = SOURCE_ROOT;
		};
		E4EEC9E9138DF44700A80321 /* openFrameworks */ = {
			isa = PBXGroup;
			children = (
				E4EB691F138AFCF100A09F29 /* CoreOF.xcconfig */,
				E4328143138ABC890047C5CB /* openFrameworksLib.xcodeproj */,
			);
			name = openFrameworks;
			sourceTree = "<group>";
		};
/* End PBXGroup section */

/* Begin PBXNativeTarget section */
		E4B69B5A0A3A1756003C02F2 /* bikeRide */ = {
			isa = PBXNativeTarget;
			buildConfigurationList = E4B69B5F0A3A1757003C02F2 /* Build configuration list for PBXNativeTarget "bikeRide" */;
			buildPhases = (
				E4B69B580A3A1756003C02F2 /* Sources */,
				E4B69B590A3A1756003C02F2 /* Frameworks */,
				E4B6FFFD0C3F9AB9008CF71C /* ShellScript */,
				E4C2427710CC5ABF004149E2 /* CopyFiles */,
			);
			buildRules = (
			);
			dependencies = (
				E4EEB9AC138B136A00A80321 /* PBXTargetDependency */,
			);
			name = bikeRide;
			productName = myOFApp;
			productReference = E4B69B5B0A3A1756003C02F2 /* bikeRideDebug.app */;
			productType = "com.apple.product-type.application";
		};
/* End PBXNativeTarget section */

/* Begin PBXProject section */
		E4B69B4C0A3A1720003C02F2 /* Project object */ = {
			isa = PBXProject;
			attributes = {
				LastUpgradeCheck = 0600;
			};
			buildConfigurationList = E4B69B4D0A3A1720003C02F2 /* Build configuration list for PBXProject "bikeRide" */;
			compatibilityVersion = "Xcode 3.2";
			developmentRegion = English;
			hasScannedForEncodings = 0;
			knownRegions = (
				English,
				Japanese,
				French,
				German,
			);
			mainGroup = E4B69B4A0A3A1720003C02F2;
			productRefGroup = E4B69B4A0A3A1720003C02F2;
			projectDirPath = "";
			projectReferences = (
				{
					ProductGroup = E4328144138ABC890047C5CB /* Products */;
					ProjectRef = E4328143138ABC890047C5CB /* openFrameworksLib.xcodeproj */;
				},
			);
			projectRoot = "";
			targets = (
				E4B69B5A0A3A1756003C02F2 /* bikeRide */,
			);
		};
/* End PBXProject section */

/* Begin PBXReferenceProxy section */
		E4328148138ABC890047C5CB /* openFrameworksDebug.a */ = {
			isa = PBXReferenceProxy;
			fileType = archive.ar;
			path = openFrameworksDebug.a;
			remoteRef = E4328147138ABC890047C5CB /* PBXContainerItemProxy */;
			sourceTree = BUILT_PRODUCTS_DIR;
		};
/* End PBXReferenceProxy section */

/* Begin PBXShellScriptBuildPhase section */
		E4B6FFFD0C3F9AB9008CF71C /* ShellScript */ = {
			isa = PBXShellScriptBuildPhase;
			buildActionMask = 2147483647;
			files = (
			);
			inputPaths = (
			);
			outputPaths = (
			);
			runOnlyForDeploymentPostprocessing = 0;
			shellPath = /bin/sh;
			shellScript = "mkdir -p \"$TARGET_BUILD_DIR/$PRODUCT_NAME.app/Contents/Resources/\"\n# Copy default icon file into App/Resources\nrsync -aved \"$ICON_FILE\" \"$TARGET_BUILD_DIR/$PRODUCT_NAME.app/Contents/Resources/\"\n# Copy libfmod and change install directory for fmod to run\nrsync -aved ../../../libs/fmodex/lib/osx/libfmodex.dylib \"$TARGET_BUILD_DIR/$PRODUCT_NAME.app/Contents/Frameworks/\";\ninstall_name_tool -change @executable_path/libfmodex.dylib @executable_path/../Frameworks/libfmodex.dylib \"$TARGET_BUILD_DIR/$PRODUCT_NAME.app/Contents/MacOS/$PRODUCT_NAME\";\n# Copy GLUT framework (must remove for AppStore submissions)\nrsync -aved ../../../libs/glut/lib/osx/GLUT.framework \"$TARGET_BUILD_DIR/$PRODUCT_NAME.app/Contents/Frameworks/\"\n";
		};
/* End PBXShellScriptBuildPhase section */

/* Begin PBXSourcesBuildPhase section */
		E4B69B580A3A1756003C02F2 /* Sources */ = {
			isa = PBXSourcesBuildPhase;
			buildActionMask = 2147483647;
			files = (
				E41EAC3B1D4D1A3B005CBBA3 /* OscTypes.cpp in Sources */,
				E49E27341D401C0100E85987 /* jsoncpp.cpp in Sources */,
				E41EAC301D4D1A3B005CBBA3 /* ofxOscBundle.cpp in Sources */,
				E41EAC321D4D1A3B005CBBA3 /* ofxOscParameterSync.cpp in Sources */,
				E455E28A1D3C1D8B000C0227 /* Tron.cpp in Sources */,
				E42176F51D3F2446001E7DDE /* Trons.cpp in Sources */,
				E49CAF231D4D774D0065A057 /* PdSampler.cpp in Sources */,
				E4B69E200A3A1BDC003C02F2 /* main.cpp in Sources */,
				E4B69E210A3A1BDC003C02F2 /* ofApp.cpp in Sources */,
				E41EAC361D4D1A3B005CBBA3 /* NetworkingUtils.cpp in Sources */,
				856AA354D08AB4B323081444 /* ofxBaseGui.cpp in Sources */,
				E455E28C1D3C1D8B000C0227 /* Settings.cpp in Sources */,
				E41EAC331D4D1A3B005CBBA3 /* ofxOscReceiver.cpp in Sources */,
				5CBB2AB3A60F65431D7B555D /* ofxButton.cpp in Sources */,
				B266578FC55D23BFEBC042E7 /* ofxGuiGroup.cpp in Sources */,
				E41EAC341D4D1A3B005CBBA3 /* ofxOscSender.cpp in Sources */,
				E41EAC311D4D1A3B005CBBA3 /* ofxOscMessage.cpp in Sources */,
				483908258D00B98B4BE69F07 /* ofxLabel.cpp in Sources */,
				F285EB3169F1566CA3D93C20 /* ofxPanel.cpp in Sources */,
				E41EAC381D4D1A3B005CBBA3 /* OscOutboundPacketStream.cpp in Sources */,
				E455E2901D3C538C000C0227 /* Grid.cpp in Sources */,
				837220E80EB56CD44AD27F2A /* ofxSlider.cpp in Sources */,
				B56FE57CC35806596D38118C /* ofxSliderGroup.cpp in Sources */,
				E41EAC3A1D4D1A3B005CBBA3 /* OscReceivedElements.cpp in Sources */,
				1CD33E884D9E3358252E82A1 /* ofxToggle.cpp in Sources */,
				E49E27331D401C0100E85987 /* ofxJSONElement.cpp in Sources */,
				E429991D1D3DDBB400BBCD40 /* WobblingCircles.cpp in Sources */,
				E455E28B1D3C1D8B000C0227 /* GuiApp.cpp in Sources */,
				E41EAC351D4D1A3B005CBBA3 /* IpEndpointName.cpp in Sources */,
				E41EAC391D4D1A3B005CBBA3 /* OscPrintReceivedElements.cpp in Sources */,
				E41EAC371D4D1A3B005CBBA3 /* UdpSocket.cpp in Sources */,
				E455E2891D3C1D8B000C0227 /* WobblingCircle.cpp in Sources */,
			);
			runOnlyForDeploymentPostprocessing = 0;
		};
/* End PBXSourcesBuildPhase section */

/* Begin PBXTargetDependency section */
		E4EEB9AC138B136A00A80321 /* PBXTargetDependency */ = {
			isa = PBXTargetDependency;
			name = openFrameworks;
			targetProxy = E4EEB9AB138B136A00A80321 /* PBXContainerItemProxy */;
		};
/* End PBXTargetDependency section */

/* Begin XCBuildConfiguration section */
		E4B69B4E0A3A1720003C02F2 /* Debug */ = {
			isa = XCBuildConfiguration;
			baseConfigurationReference = E4EB6923138AFD0F00A09F29 /* Project.xcconfig */;
			buildSettings = {
				CONFIGURATION_BUILD_DIR = "$(SRCROOT)/bin/";
				COPY_PHASE_STRIP = NO;
				DEAD_CODE_STRIPPING = YES;
				GCC_AUTO_VECTORIZATION = YES;
				GCC_ENABLE_SSE3_EXTENSIONS = YES;
				GCC_ENABLE_SUPPLEMENTAL_SSE3_INSTRUCTIONS = YES;
				GCC_INLINES_ARE_PRIVATE_EXTERN = NO;
				GCC_OPTIMIZATION_LEVEL = 0;
				GCC_SYMBOLS_PRIVATE_EXTERN = NO;
				GCC_WARN_ABOUT_DEPRECATED_FUNCTIONS = YES;
				GCC_WARN_ABOUT_INVALID_OFFSETOF_MACRO = NO;
				GCC_WARN_ALLOW_INCOMPLETE_PROTOCOL = NO;
				GCC_WARN_UNINITIALIZED_AUTOS = NO;
				GCC_WARN_UNUSED_VALUE = NO;
				GCC_WARN_UNUSED_VARIABLE = NO;
				HEADER_SEARCH_PATHS = (
					"$(OF_CORE_HEADERS)",
					src,
					../../../addons/ofxGui/src,
				);
				MACOSX_DEPLOYMENT_TARGET = 10.8;
				ONLY_ACTIVE_ARCH = YES;
				OTHER_CPLUSPLUSFLAGS = (
					"-D__MACOSX_CORE__",
					"-mtune=native",
				);
				SDKROOT = macosx;
			};
			name = Debug;
		};
		E4B69B4F0A3A1720003C02F2 /* Release */ = {
			isa = XCBuildConfiguration;
			baseConfigurationReference = E4EB6923138AFD0F00A09F29 /* Project.xcconfig */;
			buildSettings = {
				CONFIGURATION_BUILD_DIR = "$(SRCROOT)/bin/";
				COPY_PHASE_STRIP = YES;
				DEAD_CODE_STRIPPING = YES;
				GCC_AUTO_VECTORIZATION = YES;
				GCC_ENABLE_SSE3_EXTENSIONS = YES;
				GCC_ENABLE_SUPPLEMENTAL_SSE3_INSTRUCTIONS = YES;
				GCC_INLINES_ARE_PRIVATE_EXTERN = NO;
				GCC_OPTIMIZATION_LEVEL = 3;
				GCC_SYMBOLS_PRIVATE_EXTERN = NO;
				GCC_UNROLL_LOOPS = YES;
				GCC_WARN_ABOUT_DEPRECATED_FUNCTIONS = YES;
				GCC_WARN_ABOUT_INVALID_OFFSETOF_MACRO = NO;
				GCC_WARN_ALLOW_INCOMPLETE_PROTOCOL = NO;
				GCC_WARN_UNINITIALIZED_AUTOS = NO;
				GCC_WARN_UNUSED_VALUE = NO;
				GCC_WARN_UNUSED_VARIABLE = NO;
				HEADER_SEARCH_PATHS = (
					"$(OF_CORE_HEADERS)",
					src,
					../../../addons/ofxGui/src,
				);
				MACOSX_DEPLOYMENT_TARGET = 10.8;
				OTHER_CPLUSPLUSFLAGS = (
					"-D__MACOSX_CORE__",
					"-mtune=native",
				);
				SDKROOT = macosx;
			};
			name = Release;
		};
		E4B69B600A3A1757003C02F2 /* Debug */ = {
			isa = XCBuildConfiguration;
			baseConfigurationReference = E4EB6923138AFD0F00A09F29 /* Project.xcconfig */;
			buildSettings = {
				COMBINE_HIDPI_IMAGES = YES;
				COPY_PHASE_STRIP = NO;
				FRAMEWORK_SEARCH_PATHS = (
					"$(inherited)",
					"$(FRAMEWORK_SEARCH_PATHS_QUOTED_FOR_TARGET_1)",
				);
				FRAMEWORK_SEARCH_PATHS_QUOTED_FOR_TARGET_1 = "\"$(SRCROOT)/../../../libs/glut/lib/osx\"";
				GCC_DYNAMIC_NO_PIC = NO;
				GCC_GENERATE_DEBUGGING_SYMBOLS = YES;
				GCC_MODEL_TUNING = NONE;
				HEADER_SEARCH_PATHS = (
					"$(OF_CORE_HEADERS)",
					src,
					../../../addons/ofxGui/src,
				);
				ICON = "$(ICON_NAME_DEBUG)";
				ICON_FILE = "$(ICON_FILE_PATH)$(ICON)";
				INFOPLIST_FILE = "openFrameworks-Info.plist";
				INSTALL_PATH = /Applications;
				LIBRARY_SEARCH_PATHS = "$(inherited)";
				PRODUCT_NAME = "$(TARGET_NAME)Debug";
				USER_HEADER_SEARCH_PATHS = "../../../addons/ofxJSON-master/libs/jsoncpp/include/";
				WRAPPER_EXTENSION = app;
			};
			name = Debug;
		};
		E4B69B610A3A1757003C02F2 /* Release */ = {
			isa = XCBuildConfiguration;
			baseConfigurationReference = E4EB6923138AFD0F00A09F29 /* Project.xcconfig */;
			buildSettings = {
				COMBINE_HIDPI_IMAGES = YES;
				COPY_PHASE_STRIP = YES;
				FRAMEWORK_SEARCH_PATHS = (
					"$(inherited)",
					"$(FRAMEWORK_SEARCH_PATHS_QUOTED_FOR_TARGET_1)",
				);
				FRAMEWORK_SEARCH_PATHS_QUOTED_FOR_TARGET_1 = "\"$(SRCROOT)/../../../libs/glut/lib/osx\"";
				GCC_GENERATE_DEBUGGING_SYMBOLS = YES;
				GCC_MODEL_TUNING = NONE;
				HEADER_SEARCH_PATHS = (
					"$(OF_CORE_HEADERS)",
					src,
					../../../addons/ofxGui/src,
				);
				ICON = "$(ICON_NAME_RELEASE)";
				ICON_FILE = "$(ICON_FILE_PATH)$(ICON)";
				INFOPLIST_FILE = "openFrameworks-Info.plist";
				INSTALL_PATH = /Applications;
				LIBRARY_SEARCH_PATHS = "$(inherited)";
				PRODUCT_NAME = "$(TARGET_NAME)";
				USER_HEADER_SEARCH_PATHS = "../../../addons/ofxJSON-master/libs/jsoncpp/include/";
				WRAPPER_EXTENSION = app;
				baseConfigurationReference = E4EB6923138AFD0F00A09F29;
			};
			name = Release;
		};
/* End XCBuildConfiguration section */

/* Begin XCConfigurationList section */
		E4B69B4D0A3A1720003C02F2 /* Build configuration list for PBXProject "bikeRide" */ = {
			isa = XCConfigurationList;
			buildConfigurations = (
				E4B69B4E0A3A1720003C02F2 /* Debug */,
				E4B69B4F0A3A1720003C02F2 /* Release */,
			);
			defaultConfigurationIsVisible = 0;
			defaultConfigurationName = Release;
		};
		E4B69B5F0A3A1757003C02F2 /* Build configuration list for PBXNativeTarget "bikeRide" */ = {
			isa = XCConfigurationList;
			buildConfigurations = (
				E4B69B600A3A1757003C02F2 /* Debug */,
				E4B69B610A3A1757003C02F2 /* Release */,
			);
			defaultConfigurationIsVisible = 0;
			defaultConfigurationName = Release;
		};
/* End XCConfigurationList section */
	};
	rootObject = E4B69B4C0A3A1720003C02F2 /* Project object */;
}
